# This file is automatically @generated by Cargo.
# It is not intended for manual editing.
version = 4

[[package]]
name = "rivet-api"
version = "0.1.0-dev+mc26.2"

[[package]]
name = "rivet-brigadier"
version = "0.1.0-dev+mc26.2"

[[package]]
name = "rivet-entity"
version = "0.1.0-dev+mc26.2"

[[package]]
name = "rivet-ffi"
version = "0.1.0-dev+mc26.2"

[[package]]
name = "rivet-nbt"
version = "0.1.0-dev+mc26.2"

[[package]]
name = "rivet-oracle"
version = "0.1.0"

[[package]]
name = "rivet-protocol"
version = "0.1.0-dev+mc26.2"

[[package]]
name = "rivet-registry"
version = "0.1.0-dev+mc26.2"

[[package]]
name = "rivet-serialization"
version = "0.1.0-dev+mc26.2"

[[package]]
name = "rivet-server"
version = "0.1.0-dev+mc26.2"

[[package]]
name = "rivet-text"
version = "0.1.0-dev+mc26.2"

[[package]]
name = "rivet-util"
version = "0.1.0-dev+mc26.2"

[[package]]
name = "rivet-world"
version = "0.1.0-dev+mc26.2"
